// !$*UTF8*$!
{
	archiveVersion = 1;
	classes = {
	};
	objectVersion = 46;
	objects = {

/* Begin PBXBuildFile section */
		01DFE3CB7C5F20AE2471E096 /* Pods_TheGauntlet.framework in Frameworks */ = {isa = PBXBuildFile; fileRef = 9A7E83F421784EE977E08646 /* Pods_TheGauntlet.framework */; };
		0F2904C71BF15838000F0F23 /* AppDelegate.swift in Sources */ = {isa = PBXBuildFile; fileRef = 0F2904C61BF15838000F0F23 /* AppDelegate.swift */; };
		0F2904C91BF15838000F0F23 /* ViewController.swift in Sources */ = {isa = PBXBuildFile; fileRef = 0F2904C81BF15838000F0F23 /* ViewController.swift */; };
		0F2904CC1BF15838000F0F23 /* Main.storyboard in Resources */ = {isa = PBXBuildFile; fileRef = 0F2904CA1BF15838000F0F23 /* Main.storyboard */; };
		0F2904CE1BF15838000F0F23 /* Assets.xcassets in Resources */ = {isa = PBXBuildFile; fileRef = 0F2904CD1BF15838000F0F23 /* Assets.xcassets */; };
		0F2904D11BF15838000F0F23 /* LaunchScreen.storyboard in Resources */ = {isa = PBXBuildFile; fileRef = 0F2904CF1BF15838000F0F23 /* LaunchScreen.storyboard */; };
		0F2904DC1BF15838000F0F23 /* TheGauntletTests.swift in Sources */ = {isa = PBXBuildFile; fileRef = 0F2904DB1BF15838000F0F23 /* TheGauntletTests.swift */; };
		0F2904E71BF15838000F0F23 /* TheGauntletUITests.swift in Sources */ = {isa = PBXBuildFile; fileRef = 0F2904E61BF15838000F0F23 /* TheGauntletUITests.swift */; };
		0F7BC61D1BF6894000DE3A5C /* LevelSelectorViewController.swift in Sources */ = {isa = PBXBuildFile; fileRef = 0F7BC61C1BF6894000DE3A5C /* LevelSelectorViewController.swift */; };
		1F4C0D291C0F188E00ED37F6 /* indexes.json in Resources */ = {isa = PBXBuildFile; fileRef = 1FCAE7CC1C0E5215005F7AC6 /* indexes.json */; };
		1F4C0D2A1C0F188E00ED37F6 /* level003.json in Resources */ = {isa = PBXBuildFile; fileRef = 1FCAE7CA1C0E4F5D005F7AC6 /* level003.json */; };
		1F4C0D2B1C0F188E00ED37F6 /* level002.json in Resources */ = {isa = PBXBuildFile; fileRef = 1FCAE7C81C0E4ECF005F7AC6 /* level002.json */; };
		1F4C0D2C1C0F188E00ED37F6 /* level001.json in Resources */ = {isa = PBXBuildFile; fileRef = 1FCAE7AC1C0E3A8D005F7AC6 /* level001.json */; };
		1F4C0D2D1C0F188E00ED37F6 /* world001.json in Resources */ = {isa = PBXBuildFile; fileRef = 1FCAE7B11C0E3A8D005F7AC6 /* world001.json */; };
		1F7167751C1040BE0007CFDC /* Tree.swift in Sources */ = {isa = PBXBuildFile; fileRef = 1F7167741C1040BE0007CFDC /* Tree.swift */; };
		1F7167771C106B9C0007CFDC /* BurningTree.swift in Sources */ = {isa = PBXBuildFile; fileRef = 1F7167761C106B9C0007CFDC /* BurningTree.swift */; };
		1F7167791C106CAE0007CFDC /* BoulderCracked.swift in Sources */ = {isa = PBXBuildFile; fileRef = 1F7167781C106CAE0007CFDC /* BoulderCracked.swift */; };
		1F71677C1C106DBF0007CFDC /* Glove.swift in Sources */ = {isa = PBXBuildFile; fileRef = 1F71677B1C106DBF0007CFDC /* Glove.swift */; };
		1F71677E1C106DC60007CFDC /* Rope.swift in Sources */ = {isa = PBXBuildFile; fileRef = 1F71677D1C106DC60007CFDC /* Rope.swift */; };
		1F7167801C106DCD0007CFDC /* Hammer.swift in Sources */ = {isa = PBXBuildFile; fileRef = 1F71677F1C106DCD0007CFDC /* Hammer.swift */; };
		1F7167821C106DD30007CFDC /* Axe.swift in Sources */ = {isa = PBXBuildFile; fileRef = 1F7167811C106DD30007CFDC /* Axe.swift */; };
		1F7167841C106DDC0007CFDC /* WaterSeal.swift in Sources */ = {isa = PBXBuildFile; fileRef = 1F7167831C106DDC0007CFDC /* WaterSeal.swift */; };
		1FA40B051C0F4A2200BFED73 /* CaseEntity.swift in Sources */ = {isa = PBXBuildFile; fileRef = 1FA40B041C0F4A2200BFED73 /* CaseEntity.swift */; };
		1FA40B071C0F94A300BFED73 /* level004.json in Resources */ = {isa = PBXBuildFile; fileRef = 1FA40B061C0F94A300BFED73 /* level004.json */; };
		1FCAE7B31C0E3A8D005F7AC6 /* BaseImageModel.swift in Sources */ = {isa = PBXBuildFile; fileRef = 1FCAE7A81C0E3A8D005F7AC6 /* BaseImageModel.swift */; };
		1FCAE7B41C0E3A8D005F7AC6 /* BaseLevelModel.swift in Sources */ = {isa = PBXBuildFile; fileRef = 1FCAE7A91C0E3A8D005F7AC6 /* BaseLevelModel.swift */; };
		1FCAE7B51C0E3A8D005F7AC6 /* CreatorModel.swift in Sources */ = {isa = PBXBuildFile; fileRef = 1FCAE7AA1C0E3A8D005F7AC6 /* CreatorModel.swift */; };
		1FCAE7B61C0E3A8D005F7AC6 /* JSONModelParser.swift in Sources */ = {isa = PBXBuildFile; fileRef = 1FCAE7AB1C0E3A8D005F7AC6 /* JSONModelParser.swift */; };
		1FCAE7B81C0E3A8D005F7AC6 /* LevelEnums.swift in Sources */ = {isa = PBXBuildFile; fileRef = 1FCAE7AD1C0E3A8D005F7AC6 /* LevelEnums.swift */; };
		1FCAE7B91C0E3A8D005F7AC6 /* LevelModel.swift in Sources */ = {isa = PBXBuildFile; fileRef = 1FCAE7AE1C0E3A8D005F7AC6 /* LevelModel.swift */; };
		1FCAE7BA1C0E3A8D005F7AC6 /* MappableValidator.swift in Sources */ = {isa = PBXBuildFile; fileRef = 1FCAE7AF1C0E3A8D005F7AC6 /* MappableValidator.swift */; };
		1FCAE7BB1C0E3A8D005F7AC6 /* PositionModel.swift in Sources */ = {isa = PBXBuildFile; fileRef = 1FCAE7B01C0E3A8D005F7AC6 /* PositionModel.swift */; };
		1FCAE7BD1C0E3A8D005F7AC6 /* WorldModel.swift in Sources */ = {isa = PBXBuildFile; fileRef = 1FCAE7B21C0E3A8D005F7AC6 /* WorldModel.swift */; };
		1FCAE7C31C0E3B7F005F7AC6 /* ActionableActionModel.swift in Sources */ = {isa = PBXBuildFile; fileRef = 1FCAE7BE1C0E3B7F005F7AC6 /* ActionableActionModel.swift */; };
		1FCAE7C41C0E3B7F005F7AC6 /* CustomOperator.swift in Sources */ = {isa = PBXBuildFile; fileRef = 1FCAE7BF1C0E3B7F005F7AC6 /* CustomOperator.swift */; };
		1FCAE7C51C0E3B7F005F7AC6 /* EditorModel.swift in Sources */ = {isa = PBXBuildFile; fileRef = 1FCAE7C01C0E3B7F005F7AC6 /* EditorModel.swift */; };
		1FCAE7C61C0E3B7F005F7AC6 /* ElementModel.swift in Sources */ = {isa = PBXBuildFile; fileRef = 1FCAE7C11C0E3B7F005F7AC6 /* ElementModel.swift */; };
		1FCAE7C71C0E3B7F005F7AC6 /* LevelSizeModel.swift in Sources */ = {isa = PBXBuildFile; fileRef = 1FCAE7C21C0E3B7F005F7AC6 /* LevelSizeModel.swift */; };
		1FCAE7CF1C0E5268005F7AC6 /* LevelAssets.xcassets in Resources */ = {isa = PBXBuildFile; fileRef = 1FCAE7CE1C0E5268005F7AC6 /* LevelAssets.xcassets */; };
		250940CE1C09FDCD00EB687F /* CameraManager.swift in Sources */ = {isa = PBXBuildFile; fileRef = 250940CD1C09FDCD00EB687F /* CameraManager.swift */; };
		250940D01C0B656E00EB687F /* GameConstant.swift in Sources */ = {isa = PBXBuildFile; fileRef = 250940CF1C0B656E00EB687F /* GameConstant.swift */; };
		252566231BF7E03E006D014D /* GameViewController.swift in Sources */ = {isa = PBXBuildFile; fileRef = 252566221BF7E03E006D014D /* GameViewController.swift */; };
		252566251BF7E1F5006D014D /* GameScene.swift in Sources */ = {isa = PBXBuildFile; fileRef = 252566241BF7E1F5006D014D /* GameScene.swift */; };
		2525662F1BF7ECAE006D014D /* SpriteComponent.swift in Sources */ = {isa = PBXBuildFile; fileRef = 2525662E1BF7ECAE006D014D /* SpriteComponent.swift */; };
		252566311BF7EF64006D014D /* Player.swift in Sources */ = {isa = PBXBuildFile; fileRef = 252566301BF7EF64006D014D /* Player.swift */; };
		252A63E31C103AE70064926D /* InterfaceManager.swift in Sources */ = {isa = PBXBuildFile; fileRef = 252A63E21C103AE70064926D /* InterfaceManager.swift */; };
		252A640B1C157B4B0064926D /* InventoryPanel.swift in Sources */ = {isa = PBXBuildFile; fileRef = 252A640A1C157B4B0064926D /* InventoryPanel.swift */; };
		2561F7D51C04616400145397 /* InventoryComponent.swift in Sources */ = {isa = PBXBuildFile; fileRef = 2561F7D41C04616400145397 /* InventoryComponent.swift */; };
		2561F7D91C04630900145397 /* GauntletComponent.swift in Sources */ = {isa = PBXBuildFile; fileRef = 2561F7D81C04630900145397 /* GauntletComponent.swift */; };
		2561F7DB1C04640700145397 /* GetComponent.swift in Sources */ = {isa = PBXBuildFile; fileRef = 2561F7DA1C04640700145397 /* GetComponent.swift */; };
		2561F7DD1C0480E700145397 /* PushGauntletComponent.swift in Sources */ = {isa = PBXBuildFile; fileRef = 2561F7DC1C0480E700145397 /* PushGauntletComponent.swift */; };
		2561F7DF1C0483CF00145397 /* PushableComponent.swift in Sources */ = {isa = PBXBuildFile; fileRef = 2561F7DE1C0483CF00145397 /* PushableComponent.swift */; };
		2585FE3E1BFB57E5003EC30C /* MoveComponent.swift in Sources */ = {isa = PBXBuildFile; fileRef = 2585FE3D1BFB57E5003EC30C /* MoveComponent.swift */; };
		2599FC101C027EDD00F392FC /* Wall.swift in Sources */ = {isa = PBXBuildFile; fileRef = 2599FC0F1C027EDD00F392FC /* Wall.swift */; };
		2599FC121C02824300F392FC /* ColliderComponent.swift in Sources */ = {isa = PBXBuildFile; fileRef = 2599FC111C02824300F392FC /* ColliderComponent.swift */; };
		2599FC141C02887D00F392FC /* Boulder.swift in Sources */ = {isa = PBXBuildFile; fileRef = 2599FC131C02887D00F392FC /* Boulder.swift */; };
		25B748C11C02272A004E9117 /* ActionsManager.swift in Sources */ = {isa = PBXBuildFile; fileRef = 25B748BD1C02272A004E9117 /* ActionsManager.swift */; };
		25B748C21C02272A004E9117 /* EntityManager.swift in Sources */ = {isa = PBXBuildFile; fileRef = 25B748BE1C02272A004E9117 /* EntityManager.swift */; };
		25B748C41C02272A004E9117 /* LevelManager.swift in Sources */ = {isa = PBXBuildFile; fileRef = 25B748C01C02272A004E9117 /* LevelManager.swift */; };
		25B748CA1C0227C6004E9117 /* GridManager.swift in Sources */ = {isa = PBXBuildFile; fileRef = 25B748C91C0227C6004E9117 /* GridManager.swift */; };
		25B748CC1C023630004E9117 /* GridComponent.swift in Sources */ = {isa = PBXBuildFile; fileRef = 25B748CB1C023630004E9117 /* GridComponent.swift */; };
/* End PBXBuildFile section */

/* Begin PBXContainerItemProxy section */
		0F2904D81BF15838000F0F23 /* PBXContainerItemProxy */ = {
			isa = PBXContainerItemProxy;
			containerPortal = 0F2904BB1BF15838000F0F23 /* Project object */;
			proxyType = 1;
			remoteGlobalIDString = 0F2904C21BF15838000F0F23;
			remoteInfo = TheGauntlet;
		};
		0F2904E31BF15838000F0F23 /* PBXContainerItemProxy */ = {
			isa = PBXContainerItemProxy;
			containerPortal = 0F2904BB1BF15838000F0F23 /* Project object */;
			proxyType = 1;
			remoteGlobalIDString = 0F2904C21BF15838000F0F23;
			remoteInfo = TheGauntlet;
		};
/* End PBXContainerItemProxy section */

/* Begin PBXFileReference section */
		02F29D360B6068932B38A69B /* Pods-TheGauntlet.debug.xcconfig */ = {isa = PBXFileReference; includeInIndex = 1; lastKnownFileType = text.xcconfig; name = "Pods-TheGauntlet.debug.xcconfig"; path = "Pods/Target Support Files/Pods-TheGauntlet/Pods-TheGauntlet.debug.xcconfig"; sourceTree = "<group>"; };
		0F2904C31BF15838000F0F23 /* TheGauntlet.app */ = {isa = PBXFileReference; explicitFileType = wrapper.application; includeInIndex = 0; path = TheGauntlet.app; sourceTree = BUILT_PRODUCTS_DIR; };
		0F2904C61BF15838000F0F23 /* AppDelegate.swift */ = {isa = PBXFileReference; lastKnownFileType = sourcecode.swift; path = AppDelegate.swift; sourceTree = "<group>"; };
		0F2904C81BF15838000F0F23 /* ViewController.swift */ = {isa = PBXFileReference; lastKnownFileType = sourcecode.swift; path = ViewController.swift; sourceTree = "<group>"; };
		0F2904CB1BF15838000F0F23 /* Base */ = {isa = PBXFileReference; lastKnownFileType = file.storyboard; name = Base; path = Base.lproj/Main.storyboard; sourceTree = "<group>"; };
		0F2904CD1BF15838000F0F23 /* Assets.xcassets */ = {isa = PBXFileReference; lastKnownFileType = folder.assetcatalog; path = Assets.xcassets; sourceTree = "<group>"; };
		0F2904D01BF15838000F0F23 /* Base */ = {isa = PBXFileReference; lastKnownFileType = file.storyboard; name = Base; path = Base.lproj/LaunchScreen.storyboard; sourceTree = "<group>"; };
		0F2904D21BF15838000F0F23 /* Info.plist */ = {isa = PBXFileReference; lastKnownFileType = text.plist.xml; path = Info.plist; sourceTree = "<group>"; };
		0F2904D71BF15838000F0F23 /* TheGauntletTests.xctest */ = {isa = PBXFileReference; explicitFileType = wrapper.cfbundle; includeInIndex = 0; path = TheGauntletTests.xctest; sourceTree = BUILT_PRODUCTS_DIR; };
		0F2904DB1BF15838000F0F23 /* TheGauntletTests.swift */ = {isa = PBXFileReference; lastKnownFileType = sourcecode.swift; path = TheGauntletTests.swift; sourceTree = "<group>"; };
		0F2904DD1BF15838000F0F23 /* Info.plist */ = {isa = PBXFileReference; lastKnownFileType = text.plist.xml; path = Info.plist; sourceTree = "<group>"; };
		0F2904E21BF15838000F0F23 /* TheGauntletUITests.xctest */ = {isa = PBXFileReference; explicitFileType = wrapper.cfbundle; includeInIndex = 0; path = TheGauntletUITests.xctest; sourceTree = BUILT_PRODUCTS_DIR; };
		0F2904E61BF15838000F0F23 /* TheGauntletUITests.swift */ = {isa = PBXFileReference; lastKnownFileType = sourcecode.swift; path = TheGauntletUITests.swift; sourceTree = "<group>"; };
		0F2904E81BF15838000F0F23 /* Info.plist */ = {isa = PBXFileReference; lastKnownFileType = text.plist.xml; path = Info.plist; sourceTree = "<group>"; };
		0F7BC61C1BF6894000DE3A5C /* LevelSelectorViewController.swift */ = {isa = PBXFileReference; fileEncoding = 4; lastKnownFileType = sourcecode.swift; path = LevelSelectorViewController.swift; sourceTree = "<group>"; };
		1F7167741C1040BE0007CFDC /* Tree.swift */ = {isa = PBXFileReference; fileEncoding = 4; lastKnownFileType = sourcecode.swift; path = Tree.swift; sourceTree = "<group>"; };
		1F7167761C106B9C0007CFDC /* BurningTree.swift */ = {isa = PBXFileReference; fileEncoding = 4; lastKnownFileType = sourcecode.swift; path = BurningTree.swift; sourceTree = "<group>"; };
		1F7167781C106CAE0007CFDC /* BoulderCracked.swift */ = {isa = PBXFileReference; fileEncoding = 4; lastKnownFileType = sourcecode.swift; path = BoulderCracked.swift; sourceTree = "<group>"; };
		1F71677B1C106DBF0007CFDC /* Glove.swift */ = {isa = PBXFileReference; fileEncoding = 4; lastKnownFileType = sourcecode.swift; path = Glove.swift; sourceTree = "<group>"; };
		1F71677D1C106DC60007CFDC /* Rope.swift */ = {isa = PBXFileReference; fileEncoding = 4; lastKnownFileType = sourcecode.swift; path = Rope.swift; sourceTree = "<group>"; };
		1F71677F1C106DCD0007CFDC /* Hammer.swift */ = {isa = PBXFileReference; fileEncoding = 4; lastKnownFileType = sourcecode.swift; path = Hammer.swift; sourceTree = "<group>"; };
		1F7167811C106DD30007CFDC /* Axe.swift */ = {isa = PBXFileReference; fileEncoding = 4; lastKnownFileType = sourcecode.swift; path = Axe.swift; sourceTree = "<group>"; };
		1F7167831C106DDC0007CFDC /* WaterSeal.swift */ = {isa = PBXFileReference; fileEncoding = 4; lastKnownFileType = sourcecode.swift; path = WaterSeal.swift; sourceTree = "<group>"; };
		1FA40B041C0F4A2200BFED73 /* CaseEntity.swift */ = {isa = PBXFileReference; fileEncoding = 4; lastKnownFileType = sourcecode.swift; path = CaseEntity.swift; sourceTree = "<group>"; };
		1FA40B061C0F94A300BFED73 /* level004.json */ = {isa = PBXFileReference; fileEncoding = 4; lastKnownFileType = text.json; path = level004.json; sourceTree = "<group>"; };
		1FCAE7A81C0E3A8D005F7AC6 /* BaseImageModel.swift */ = {isa = PBXFileReference; fileEncoding = 4; lastKnownFileType = sourcecode.swift; path = BaseImageModel.swift; sourceTree = "<group>"; };
		1FCAE7A91C0E3A8D005F7AC6 /* BaseLevelModel.swift */ = {isa = PBXFileReference; fileEncoding = 4; lastKnownFileType = sourcecode.swift; path = BaseLevelModel.swift; sourceTree = "<group>"; };
		1FCAE7AA1C0E3A8D005F7AC6 /* CreatorModel.swift */ = {isa = PBXFileReference; fileEncoding = 4; lastKnownFileType = sourcecode.swift; path = CreatorModel.swift; sourceTree = "<group>"; };
		1FCAE7AB1C0E3A8D005F7AC6 /* JSONModelParser.swift */ = {isa = PBXFileReference; fileEncoding = 4; lastKnownFileType = sourcecode.swift; path = JSONModelParser.swift; sourceTree = "<group>"; };
		1FCAE7AC1C0E3A8D005F7AC6 /* level001.json */ = {isa = PBXFileReference; fileEncoding = 4; lastKnownFileType = text.json; path = level001.json; sourceTree = "<group>"; };
		1FCAE7AD1C0E3A8D005F7AC6 /* LevelEnums.swift */ = {isa = PBXFileReference; fileEncoding = 4; lastKnownFileType = sourcecode.swift; path = LevelEnums.swift; sourceTree = "<group>"; };
		1FCAE7AE1C0E3A8D005F7AC6 /* LevelModel.swift */ = {isa = PBXFileReference; fileEncoding = 4; lastKnownFileType = sourcecode.swift; lineEnding = 0; path = LevelModel.swift; sourceTree = "<group>"; xcLanguageSpecificationIdentifier = xcode.lang.swift; };
		1FCAE7AF1C0E3A8D005F7AC6 /* MappableValidator.swift */ = {isa = PBXFileReference; fileEncoding = 4; lastKnownFileType = sourcecode.swift; path = MappableValidator.swift; sourceTree = "<group>"; };
		1FCAE7B01C0E3A8D005F7AC6 /* PositionModel.swift */ = {isa = PBXFileReference; fileEncoding = 4; lastKnownFileType = sourcecode.swift; path = PositionModel.swift; sourceTree = "<group>"; };
		1FCAE7B11C0E3A8D005F7AC6 /* world001.json */ = {isa = PBXFileReference; fileEncoding = 4; lastKnownFileType = text.json; path = world001.json; sourceTree = "<group>"; };
		1FCAE7B21C0E3A8D005F7AC6 /* WorldModel.swift */ = {isa = PBXFileReference; fileEncoding = 4; lastKnownFileType = sourcecode.swift; path = WorldModel.swift; sourceTree = "<group>"; };
		1FCAE7BE1C0E3B7F005F7AC6 /* ActionableActionModel.swift */ = {isa = PBXFileReference; fileEncoding = 4; lastKnownFileType = sourcecode.swift; path = ActionableActionModel.swift; sourceTree = "<group>"; };
		1FCAE7BF1C0E3B7F005F7AC6 /* CustomOperator.swift */ = {isa = PBXFileReference; fileEncoding = 4; lastKnownFileType = sourcecode.swift; path = CustomOperator.swift; sourceTree = "<group>"; };
		1FCAE7C01C0E3B7F005F7AC6 /* EditorModel.swift */ = {isa = PBXFileReference; fileEncoding = 4; lastKnownFileType = sourcecode.swift; path = EditorModel.swift; sourceTree = "<group>"; };
		1FCAE7C11C0E3B7F005F7AC6 /* ElementModel.swift */ = {isa = PBXFileReference; fileEncoding = 4; lastKnownFileType = sourcecode.swift; path = ElementModel.swift; sourceTree = "<group>"; };
		1FCAE7C21C0E3B7F005F7AC6 /* LevelSizeModel.swift */ = {isa = PBXFileReference; fileEncoding = 4; lastKnownFileType = sourcecode.swift; lineEnding = 0; path = LevelSizeModel.swift; sourceTree = "<group>"; xcLanguageSpecificationIdentifier = xcode.lang.swift; };
		1FCAE7C81C0E4ECF005F7AC6 /* level002.json */ = {isa = PBXFileReference; fileEncoding = 4; lastKnownFileType = text.json; path = level002.json; sourceTree = "<group>"; };
		1FCAE7CA1C0E4F5D005F7AC6 /* level003.json */ = {isa = PBXFileReference; fileEncoding = 4; lastKnownFileType = text.json; path = level003.json; sourceTree = "<group>"; };
		1FCAE7CC1C0E5215005F7AC6 /* indexes.json */ = {isa = PBXFileReference; fileEncoding = 4; lastKnownFileType = text.json; path = indexes.json; sourceTree = "<group>"; };
		1FCAE7CE1C0E5268005F7AC6 /* LevelAssets.xcassets */ = {isa = PBXFileReference; lastKnownFileType = folder.assetcatalog; name = LevelAssets.xcassets; path = Model/LevelAssets.xcassets; sourceTree = "<group>"; };
		250940CD1C09FDCD00EB687F /* CameraManager.swift */ = {isa = PBXFileReference; fileEncoding = 4; lastKnownFileType = sourcecode.swift; lineEnding = 0; name = CameraManager.swift; path = Game/Managers/CameraManager.swift; sourceTree = "<group>"; xcLanguageSpecificationIdentifier = xcode.lang.swift; };
		250940CF1C0B656E00EB687F /* GameConstant.swift */ = {isa = PBXFileReference; fileEncoding = 4; lastKnownFileType = sourcecode.swift; name = GameConstant.swift; path = Game/GameConstant.swift; sourceTree = "<group>"; };
		252566221BF7E03E006D014D /* GameViewController.swift */ = {isa = PBXFileReference; fileEncoding = 4; lastKnownFileType = sourcecode.swift; name = GameViewController.swift; path = Game/GameViewController.swift; sourceTree = "<group>"; };
		252566241BF7E1F5006D014D /* GameScene.swift */ = {isa = PBXFileReference; fileEncoding = 4; lastKnownFileType = sourcecode.swift; name = GameScene.swift; path = Game/GameScene.swift; sourceTree = "<group>"; };
		2525662E1BF7ECAE006D014D /* SpriteComponent.swift */ = {isa = PBXFileReference; fileEncoding = 4; lastKnownFileType = sourcecode.swift; name = SpriteComponent.swift; path = Game/Components/SpriteComponent.swift; sourceTree = "<group>"; };
		252566301BF7EF64006D014D /* Player.swift */ = {isa = PBXFileReference; fileEncoding = 4; lastKnownFileType = sourcecode.swift; name = Player.swift; path = Game/Entities/Player.swift; sourceTree = "<group>"; };
		252A63E21C103AE70064926D /* InterfaceManager.swift */ = {isa = PBXFileReference; fileEncoding = 4; lastKnownFileType = sourcecode.swift; name = InterfaceManager.swift; path = Game/Managers/InterfaceManager.swift; sourceTree = "<group>"; };
		252A640A1C157B4B0064926D /* InventoryPanel.swift */ = {isa = PBXFileReference; fileEncoding = 4; lastKnownFileType = sourcecode.swift; name = InventoryPanel.swift; path = Game/UI/InventoryPanel.swift; sourceTree = "<group>"; };
		2561F7D41C04616400145397 /* InventoryComponent.swift */ = {isa = PBXFileReference; fileEncoding = 4; lastKnownFileType = sourcecode.swift; name = InventoryComponent.swift; path = Game/Components/InventoryComponent.swift; sourceTree = "<group>"; };
		2561F7D81C04630900145397 /* GauntletComponent.swift */ = {isa = PBXFileReference; fileEncoding = 4; lastKnownFileType = sourcecode.swift; name = GauntletComponent.swift; path = Game/Components/GauntletComponent.swift; sourceTree = "<group>"; };
		2561F7DA1C04640700145397 /* GetComponent.swift */ = {isa = PBXFileReference; fileEncoding = 4; lastKnownFileType = sourcecode.swift; name = GetComponent.swift; path = Game/Components/GetComponent.swift; sourceTree = "<group>"; };
		2561F7DC1C0480E700145397 /* PushGauntletComponent.swift */ = {isa = PBXFileReference; fileEncoding = 4; lastKnownFileType = sourcecode.swift; name = PushGauntletComponent.swift; path = Game/Components/PushGauntletComponent.swift; sourceTree = "<group>"; };
		2561F7DE1C0483CF00145397 /* PushableComponent.swift */ = {isa = PBXFileReference; fileEncoding = 4; lastKnownFileType = sourcecode.swift; name = PushableComponent.swift; path = Game/Components/PushableComponent.swift; sourceTree = "<group>"; };
		2585FE3D1BFB57E5003EC30C /* MoveComponent.swift */ = {isa = PBXFileReference; fileEncoding = 4; lastKnownFileType = sourcecode.swift; name = MoveComponent.swift; path = Game/Components/MoveComponent.swift; sourceTree = "<group>"; };
		2599FC0F1C027EDD00F392FC /* Wall.swift */ = {isa = PBXFileReference; fileEncoding = 4; lastKnownFileType = sourcecode.swift; name = Wall.swift; path = Game/Entities/Wall.swift; sourceTree = "<group>"; };
		2599FC111C02824300F392FC /* ColliderComponent.swift */ = {isa = PBXFileReference; fileEncoding = 4; lastKnownFileType = sourcecode.swift; name = ColliderComponent.swift; path = Game/Components/ColliderComponent.swift; sourceTree = "<group>"; };
		2599FC131C02887D00F392FC /* Boulder.swift */ = {isa = PBXFileReference; fileEncoding = 4; lastKnownFileType = sourcecode.swift; name = Boulder.swift; path = Game/Entities/Boulder.swift; sourceTree = "<group>"; };
		25B748BD1C02272A004E9117 /* ActionsManager.swift */ = {isa = PBXFileReference; fileEncoding = 4; lastKnownFileType = sourcecode.swift; name = ActionsManager.swift; path = Game/Managers/ActionsManager.swift; sourceTree = "<group>"; };
		25B748BE1C02272A004E9117 /* EntityManager.swift */ = {isa = PBXFileReference; fileEncoding = 4; lastKnownFileType = sourcecode.swift; name = EntityManager.swift; path = Game/Managers/EntityManager.swift; sourceTree = "<group>"; };
		25B748C01C02272A004E9117 /* LevelManager.swift */ = {isa = PBXFileReference; fileEncoding = 4; lastKnownFileType = sourcecode.swift; lineEnding = 0; name = LevelManager.swift; path = Game/Managers/LevelManager.swift; sourceTree = "<group>"; xcLanguageSpecificationIdentifier = xcode.lang.swift; };
		25B748C91C0227C6004E9117 /* GridManager.swift */ = {isa = PBXFileReference; fileEncoding = 4; lastKnownFileType = sourcecode.swift; lineEnding = 0; name = GridManager.swift; path = Game/Managers/GridManager.swift; sourceTree = "<group>"; xcLanguageSpecificationIdentifier = xcode.lang.swift; };
		25B748CB1C023630004E9117 /* GridComponent.swift */ = {isa = PBXFileReference; fileEncoding = 4; lastKnownFileType = sourcecode.swift; name = GridComponent.swift; path = Game/Components/GridComponent.swift; sourceTree = "<group>"; };
		63EBAD06DDABE42B988298DE /* Pods-TheGauntlet.release.xcconfig */ = {isa = PBXFileReference; includeInIndex = 1; lastKnownFileType = text.xcconfig; name = "Pods-TheGauntlet.release.xcconfig"; path = "Pods/Target Support Files/Pods-TheGauntlet/Pods-TheGauntlet.release.xcconfig"; sourceTree = "<group>"; };
		9A7E83F421784EE977E08646 /* Pods_TheGauntlet.framework */ = {isa = PBXFileReference; explicitFileType = wrapper.framework; includeInIndex = 0; path = Pods_TheGauntlet.framework; sourceTree = BUILT_PRODUCTS_DIR; };
/* End PBXFileReference section */

/* Begin PBXFrameworksBuildPhase section */
		0F2904C01BF15838000F0F23 /* Frameworks */ = {
			isa = PBXFrameworksBuildPhase;
			buildActionMask = 2147483647;
			files = (
				01DFE3CB7C5F20AE2471E096 /* Pods_TheGauntlet.framework in Frameworks */,
			);
			runOnlyForDeploymentPostprocessing = 0;
		};
		0F2904D41BF15838000F0F23 /* Frameworks */ = {
			isa = PBXFrameworksBuildPhase;
			buildActionMask = 2147483647;
			files = (
			);
			runOnlyForDeploymentPostprocessing = 0;
		};
		0F2904DF1BF15838000F0F23 /* Frameworks */ = {
			isa = PBXFrameworksBuildPhase;
			buildActionMask = 2147483647;
			files = (
			);
			runOnlyForDeploymentPostprocessing = 0;
		};
/* End PBXFrameworksBuildPhase section */

/* Begin PBXGroup section */
		0F2904BA1BF15838000F0F23 = {
			isa = PBXGroup;
			children = (
				0F2904C51BF15838000F0F23 /* TheGauntlet */,
				0F2904DA1BF15838000F0F23 /* TheGauntletTests */,
				0F2904E51BF15838000F0F23 /* TheGauntletUITests */,
				0F2904C41BF15838000F0F23 /* Products */,
				C5159DB00072473D605D1B12 /* Pods */,
				211D9A332117D08775AE5D64 /* Frameworks */,
			);
			sourceTree = "<group>";
		};
		0F2904C41BF15838000F0F23 /* Products */ = {
			isa = PBXGroup;
			children = (
				0F2904C31BF15838000F0F23 /* TheGauntlet.app */,
				0F2904D71BF15838000F0F23 /* TheGauntletTests.xctest */,
				0F2904E21BF15838000F0F23 /* TheGauntletUITests.xctest */,
			);
			name = Products;
			sourceTree = "<group>";
		};
		0F2904C51BF15838000F0F23 /* TheGauntlet */ = {
			isa = PBXGroup;
			children = (
				1FCAE7A61C0E3A8D005F7AC6 /* LevelEditor */,
				2525661D1BF7DA19006D014D /* Misc */,
				2525661C1BF7DA0D006D014D /* Game */,
				2525661B1BF7DA04006D014D /* Menu */,
				0F2904CD1BF15838000F0F23 /* Assets.xcassets */,
			);
			path = TheGauntlet;
			sourceTree = "<group>";
		};
		0F2904DA1BF15838000F0F23 /* TheGauntletTests */ = {
			isa = PBXGroup;
			children = (
				0F2904DB1BF15838000F0F23 /* TheGauntletTests.swift */,
				0F2904DD1BF15838000F0F23 /* Info.plist */,
			);
			path = TheGauntletTests;
			sourceTree = "<group>";
		};
		0F2904E51BF15838000F0F23 /* TheGauntletUITests */ = {
			isa = PBXGroup;
			children = (
				0F2904E61BF15838000F0F23 /* TheGauntletUITests.swift */,
				0F2904E81BF15838000F0F23 /* Info.plist */,
			);
			path = TheGauntletUITests;
			sourceTree = "<group>";
		};
		1F71677A1C106D850007CFDC /* BlocEntity */ = {
			isa = PBXGroup;
			children = (
				2599FC0F1C027EDD00F392FC /* Wall.swift */,
				1F7167741C1040BE0007CFDC /* Tree.swift */,
				1F7167761C106B9C0007CFDC /* BurningTree.swift */,
				2599FC131C02887D00F392FC /* Boulder.swift */,
				1F7167781C106CAE0007CFDC /* BoulderCracked.swift */,
			);
			name = BlocEntity;
			sourceTree = "<group>";
		};
		1F7167851C106E160007CFDC /* ItemEntity */ = {
			isa = PBXGroup;
			children = (
				1F71677B1C106DBF0007CFDC /* Glove.swift */,
				1F71677D1C106DC60007CFDC /* Rope.swift */,
				1F71677F1C106DCD0007CFDC /* Hammer.swift */,
				1F7167811C106DD30007CFDC /* Axe.swift */,
				1F7167831C106DDC0007CFDC /* WaterSeal.swift */,
			);
			name = ItemEntity;
			sourceTree = "<group>";
		};
		1FCAE7A61C0E3A8D005F7AC6 /* LevelEditor */ = {
			isa = PBXGroup;
			children = (
				1FCAE7CE1C0E5268005F7AC6 /* LevelAssets.xcassets */,
				1FCAE7D01C0E536D005F7AC6 /* JSON */,
				1FCAE7A71C0E3A8D005F7AC6 /* Model */,
			);
			path = LevelEditor;
			sourceTree = "<group>";
		};
		1FCAE7A71C0E3A8D005F7AC6 /* Model */ = {
			isa = PBXGroup;
			children = (
				1FCAE7AB1C0E3A8D005F7AC6 /* JSONModelParser.swift */,
				1FCAE7BF1C0E3B7F005F7AC6 /* CustomOperator.swift */,
				1FCAE7AD1C0E3A8D005F7AC6 /* LevelEnums.swift */,
				1FCAE7AF1C0E3A8D005F7AC6 /* MappableValidator.swift */,
				1FCAE7BE1C0E3B7F005F7AC6 /* ActionableActionModel.swift */,
				1FCAE7C01C0E3B7F005F7AC6 /* EditorModel.swift */,
				1FCAE7C11C0E3B7F005F7AC6 /* ElementModel.swift */,
				1FCAE7C21C0E3B7F005F7AC6 /* LevelSizeModel.swift */,
				1FCAE7A81C0E3A8D005F7AC6 /* BaseImageModel.swift */,
				1FCAE7A91C0E3A8D005F7AC6 /* BaseLevelModel.swift */,
				1FCAE7AA1C0E3A8D005F7AC6 /* CreatorModel.swift */,
				1FCAE7B01C0E3A8D005F7AC6 /* PositionModel.swift */,
				1FCAE7AE1C0E3A8D005F7AC6 /* LevelModel.swift */,
				1FCAE7B21C0E3A8D005F7AC6 /* WorldModel.swift */,
			);
			path = Model;
			sourceTree = "<group>";
		};
		1FCAE7D01C0E536D005F7AC6 /* JSON */ = {
			isa = PBXGroup;
			children = (
				1FCAE7CC1C0E5215005F7AC6 /* indexes.json */,
				1FA40B061C0F94A300BFED73 /* level004.json */,
				1FCAE7CA1C0E4F5D005F7AC6 /* level003.json */,
				1FCAE7C81C0E4ECF005F7AC6 /* level002.json */,
				1FCAE7AC1C0E3A8D005F7AC6 /* level001.json */,
				1FCAE7B11C0E3A8D005F7AC6 /* world001.json */,
			);
			name = JSON;
			path = Model;
			sourceTree = "<group>";
		};
		211D9A332117D08775AE5D64 /* Frameworks */ = {
			isa = PBXGroup;
			children = (
				9A7E83F421784EE977E08646 /* Pods_TheGauntlet.framework */,
			);
			name = Frameworks;
			sourceTree = "<group>";
		};
		2525661B1BF7DA04006D014D /* Menu */ = {
			isa = PBXGroup;
			children = (
			);
			name = Menu;
			sourceTree = "<group>";
		};
		2525661C1BF7DA0D006D014D /* Game */ = {
			isa = PBXGroup;
			children = (
				252566221BF7E03E006D014D /* GameViewController.swift */,
				252566241BF7E1F5006D014D /* GameScene.swift */,
				250940CF1C0B656E00EB687F /* GameConstant.swift */,
				25B748BB1C02267B004E9117 /* Managers */,
				2525661F1BF7DAED006D014D /* Components */,
				2525661E1BF7DAD3006D014D /* Entities */,
				252A63E41C103B0F0064926D /* UI */,
			);
			name = Game;
			sourceTree = "<group>";
		};
		2525661D1BF7DA19006D014D /* Misc */ = {
			isa = PBXGroup;
			children = (
				0F7BC61C1BF6894000DE3A5C /* LevelSelectorViewController.swift */,
				0F2904C81BF15838000F0F23 /* ViewController.swift */,
				0F2904C61BF15838000F0F23 /* AppDelegate.swift */,
				0F2904D21BF15838000F0F23 /* Info.plist */,
				0F2904CF1BF15838000F0F23 /* LaunchScreen.storyboard */,
				0F2904CA1BF15838000F0F23 /* Main.storyboard */,
			);
			name = Misc;
			sourceTree = "<group>";
		};
		2525661E1BF7DAD3006D014D /* Entities */ = {
			isa = PBXGroup;
			children = (
				252566301BF7EF64006D014D /* Player.swift */,
				1FA40B041C0F4A2200BFED73 /* CaseEntity.swift */,
				1F71677A1C106D850007CFDC /* BlocEntity */,
				1F7167851C106E160007CFDC /* ItemEntity */,
			);
			name = Entities;
			sourceTree = "<group>";
		};
		2525661F1BF7DAED006D014D /* Components */ = {
			isa = PBXGroup;
			children = (
				2525662E1BF7ECAE006D014D /* SpriteComponent.swift */,
				2585FE3D1BFB57E5003EC30C /* MoveComponent.swift */,
				25B748CB1C023630004E9117 /* GridComponent.swift */,
				2599FC111C02824300F392FC /* ColliderComponent.swift */,
				2561F7D41C04616400145397 /* InventoryComponent.swift */,
				2561F7D81C04630900145397 /* GauntletComponent.swift */,
				2561F7DA1C04640700145397 /* GetComponent.swift */,
				2561F7DC1C0480E700145397 /* PushGauntletComponent.swift */,
				2561F7DE1C0483CF00145397 /* PushableComponent.swift */,
			);
			name = Components;
			sourceTree = "<group>";
		};
		252A63E41C103B0F0064926D /* UI */ = {
			isa = PBXGroup;
			children = (
				252A640A1C157B4B0064926D /* InventoryPanel.swift */,
			);
			name = UI;
			sourceTree = "<group>";
		};
		25B748BB1C02267B004E9117 /* Managers */ = {
			isa = PBXGroup;
			children = (
				25B748BD1C02272A004E9117 /* ActionsManager.swift */,
				25B748BE1C02272A004E9117 /* EntityManager.swift */,
				25B748C01C02272A004E9117 /* LevelManager.swift */,
				25B748C91C0227C6004E9117 /* GridManager.swift */,
				250940CD1C09FDCD00EB687F /* CameraManager.swift */,
				252A63E21C103AE70064926D /* InterfaceManager.swift */,
			);
			name = Managers;
			sourceTree = "<group>";
		};
		C5159DB00072473D605D1B12 /* Pods */ = {
			isa = PBXGroup;
			children = (
				02F29D360B6068932B38A69B /* Pods-TheGauntlet.debug.xcconfig */,
				63EBAD06DDABE42B988298DE /* Pods-TheGauntlet.release.xcconfig */,
			);
			name = Pods;
			sourceTree = "<group>";
		};
/* End PBXGroup section */

/* Begin PBXNativeTarget section */
		0F2904C21BF15838000F0F23 /* TheGauntlet */ = {
			isa = PBXNativeTarget;
			buildConfigurationList = 0F2904EB1BF15838000F0F23 /* Build configuration list for PBXNativeTarget "TheGauntlet" */;
			buildPhases = (
				655AC359C5F1E6F460243432 /* Check Pods Manifest.lock */,
				0F2904BF1BF15838000F0F23 /* Sources */,
				0F2904C01BF15838000F0F23 /* Frameworks */,
				0F2904C11BF15838000F0F23 /* Resources */,
				B02A745731405F1C10761A2F /* Copy Pods Resources */,
				0F7BC61B1BF680F500DE3A5C /* ShellScript */,
				0D5FB456429EBE587B0CE73A /* Embed Pods Frameworks */,
			);
			buildRules = (
			);
			dependencies = (
			);
			name = TheGauntlet;
			productName = TheGauntlet;
			productReference = 0F2904C31BF15838000F0F23 /* TheGauntlet.app */;
			productType = "com.apple.product-type.application";
		};
		0F2904D61BF15838000F0F23 /* TheGauntletTests */ = {
			isa = PBXNativeTarget;
			buildConfigurationList = 0F2904EE1BF15838000F0F23 /* Build configuration list for PBXNativeTarget "TheGauntletTests" */;
			buildPhases = (
				0F2904D31BF15838000F0F23 /* Sources */,
				0F2904D41BF15838000F0F23 /* Frameworks */,
				0F2904D51BF15838000F0F23 /* Resources */,
			);
			buildRules = (
			);
			dependencies = (
				0F2904D91BF15838000F0F23 /* PBXTargetDependency */,
			);
			name = TheGauntletTests;
			productName = TheGauntletTests;
			productReference = 0F2904D71BF15838000F0F23 /* TheGauntletTests.xctest */;
			productType = "com.apple.product-type.bundle.unit-test";
		};
		0F2904E11BF15838000F0F23 /* TheGauntletUITests */ = {
			isa = PBXNativeTarget;
			buildConfigurationList = 0F2904F11BF15838000F0F23 /* Build configuration list for PBXNativeTarget "TheGauntletUITests" */;
			buildPhases = (
				0F2904DE1BF15838000F0F23 /* Sources */,
				0F2904DF1BF15838000F0F23 /* Frameworks */,
				0F2904E01BF15838000F0F23 /* Resources */,
			);
			buildRules = (
			);
			dependencies = (
				0F2904E41BF15838000F0F23 /* PBXTargetDependency */,
			);
			name = TheGauntletUITests;
			productName = TheGauntletUITests;
			productReference = 0F2904E21BF15838000F0F23 /* TheGauntletUITests.xctest */;
			productType = "com.apple.product-type.bundle.ui-testing";
		};
/* End PBXNativeTarget section */

/* Begin PBXProject section */
		0F2904BB1BF15838000F0F23 /* Project object */ = {
			isa = PBXProject;
			attributes = {
				LastSwiftUpdateCheck = 0710;
				LastUpgradeCheck = 0710;
				ORGANIZATIONNAME = "Jeffrey Macko";
				TargetAttributes = {
					0F2904C21BF15838000F0F23 = {
						CreatedOnToolsVersion = 7.1;
						DevelopmentTeam = F8Z9YT6W9Z;
					};
					0F2904D61BF15838000F0F23 = {
						CreatedOnToolsVersion = 7.1;
						TestTargetID = 0F2904C21BF15838000F0F23;
					};
					0F2904E11BF15838000F0F23 = {
						CreatedOnToolsVersion = 7.1;
						TestTargetID = 0F2904C21BF15838000F0F23;
					};
				};
			};
			buildConfigurationList = 0F2904BE1BF15838000F0F23 /* Build configuration list for PBXProject "TheGauntlet" */;
			compatibilityVersion = "Xcode 3.2";
			developmentRegion = English;
			hasScannedForEncodings = 0;
			knownRegions = (
				en,
				Base,
			);
			mainGroup = 0F2904BA1BF15838000F0F23;
			productRefGroup = 0F2904C41BF15838000F0F23 /* Products */;
			projectDirPath = "";
			projectRoot = "";
			targets = (
				0F2904C21BF15838000F0F23 /* TheGauntlet */,
				0F2904D61BF15838000F0F23 /* TheGauntletTests */,
				0F2904E11BF15838000F0F23 /* TheGauntletUITests */,
			);
		};
/* End PBXProject section */

/* Begin PBXResourcesBuildPhase section */
		0F2904C11BF15838000F0F23 /* Resources */ = {
			isa = PBXResourcesBuildPhase;
			buildActionMask = 2147483647;
			files = (
				1F4C0D2A1C0F188E00ED37F6 /* level003.json in Resources */,
				0F2904D11BF15838000F0F23 /* LaunchScreen.storyboard in Resources */,
				1FCAE7CF1C0E5268005F7AC6 /* LevelAssets.xcassets in Resources */,
				1F4C0D291C0F188E00ED37F6 /* indexes.json in Resources */,
				0F2904CE1BF15838000F0F23 /* Assets.xcassets in Resources */,
				1F4C0D2B1C0F188E00ED37F6 /* level002.json in Resources */,
				1F4C0D2D1C0F188E00ED37F6 /* world001.json in Resources */,
				1FA40B071C0F94A300BFED73 /* level004.json in Resources */,
				1F4C0D2C1C0F188E00ED37F6 /* level001.json in Resources */,
				0F2904CC1BF15838000F0F23 /* Main.storyboard in Resources */,
			);
			runOnlyForDeploymentPostprocessing = 0;
		};
		0F2904D51BF15838000F0F23 /* Resources */ = {
			isa = PBXResourcesBuildPhase;
			buildActionMask = 2147483647;
			files = (
			);
			runOnlyForDeploymentPostprocessing = 0;
		};
		0F2904E01BF15838000F0F23 /* Resources */ = {
			isa = PBXResourcesBuildPhase;
			buildActionMask = 2147483647;
			files = (
			);
			runOnlyForDeploymentPostprocessing = 0;
		};
/* End PBXResourcesBuildPhase section */

/* Begin PBXShellScriptBuildPhase section */
		0D5FB456429EBE587B0CE73A /* Embed Pods Frameworks */ = {
			isa = PBXShellScriptBuildPhase;
			buildActionMask = 2147483647;
			files = (
			);
			inputPaths = (
			);
			name = "Embed Pods Frameworks";
			outputPaths = (
			);
			runOnlyForDeploymentPostprocessing = 0;
			shellPath = /bin/sh;
			shellScript = "\"${SRCROOT}/Pods/Target Support Files/Pods-TheGauntlet/Pods-TheGauntlet-frameworks.sh\"\n";
			showEnvVarsInLog = 0;
		};
		0F7BC61B1BF680F500DE3A5C /* ShellScript */ = {
			isa = PBXShellScriptBuildPhase;
			buildActionMask = 2147483647;
			files = (
			);
			inputPaths = (
			);
			outputPaths = (
			);
			runOnlyForDeploymentPostprocessing = 0;
			shellPath = /bin/sh;
			shellScript = "\"${PODS_ROOT}/Fabric/Fabric.framework/run\" 8f8919adb53c5ad650215fb52c8c73bec6124041 b2deb874dd6c7056a55ccc56007a6cca4f2f4a258b0b2e98c76e18c2bdb913a2";
		};
		655AC359C5F1E6F460243432 /* Check Pods Manifest.lock */ = {
			isa = PBXShellScriptBuildPhase;
			buildActionMask = 2147483647;
			files = (
			);
			inputPaths = (
			);
			name = "Check Pods Manifest.lock";
			outputPaths = (
			);
			runOnlyForDeploymentPostprocessing = 0;
			shellPath = /bin/sh;
			shellScript = "diff \"${PODS_ROOT}/../Podfile.lock\" \"${PODS_ROOT}/Manifest.lock\" > /dev/null\nif [[ $? != 0 ]] ; then\n    cat << EOM\nerror: The sandbox is not in sync with the Podfile.lock. Run 'pod install' or update your CocoaPods installation.\nEOM\n    exit 1\nfi\n";
			showEnvVarsInLog = 0;
		};
		B02A745731405F1C10761A2F /* Copy Pods Resources */ = {
			isa = PBXShellScriptBuildPhase;
			buildActionMask = 2147483647;
			files = (
			);
			inputPaths = (
			);
			name = "Copy Pods Resources";
			outputPaths = (
			);
			runOnlyForDeploymentPostprocessing = 0;
			shellPath = /bin/sh;
			shellScript = "\"${SRCROOT}/Pods/Target Support Files/Pods-TheGauntlet/Pods-TheGauntlet-resources.sh\"\n";
			showEnvVarsInLog = 0;
		};
/* End PBXShellScriptBuildPhase section */

/* Begin PBXSourcesBuildPhase section */
		0F2904BF1BF15838000F0F23 /* Sources */ = {
			isa = PBXSourcesBuildPhase;
			buildActionMask = 2147483647;
			files = (
				1F7167801C106DCD0007CFDC /* Hammer.swift in Sources */,
				1FCAE7C51C0E3B7F005F7AC6 /* EditorModel.swift in Sources */,
				1FCAE7B51C0E3A8D005F7AC6 /* CreatorModel.swift in Sources */,
				1FCAE7C31C0E3B7F005F7AC6 /* ActionableActionModel.swift in Sources */,
				2561F7DB1C04640700145397 /* GetComponent.swift in Sources */,
				1F71677C1C106DBF0007CFDC /* Glove.swift in Sources */,
				1FCAE7BB1C0E3A8D005F7AC6 /* PositionModel.swift in Sources */,
				1F7167751C1040BE0007CFDC /* Tree.swift in Sources */,
				1FCAE7B41C0E3A8D005F7AC6 /* BaseLevelModel.swift in Sources */,
				2561F7D51C04616400145397 /* InventoryComponent.swift in Sources */,
				2561F7DD1C0480E700145397 /* PushGauntletComponent.swift in Sources */,
				1FCAE7C71C0E3B7F005F7AC6 /* LevelSizeModel.swift in Sources */,
				25B748C21C02272A004E9117 /* EntityManager.swift in Sources */,
				252A640B1C157B4B0064926D /* InventoryPanel.swift in Sources */,
				1FCAE7B61C0E3A8D005F7AC6 /* JSONModelParser.swift in Sources */,
				2599FC101C027EDD00F392FC /* Wall.swift in Sources */,
				25B748CA1C0227C6004E9117 /* GridManager.swift in Sources */,
				252566251BF7E1F5006D014D /* GameScene.swift in Sources */,
				1FCAE7C41C0E3B7F005F7AC6 /* CustomOperator.swift in Sources */,
				1FCAE7B81C0E3A8D005F7AC6 /* LevelEnums.swift in Sources */,
				1FCAE7C61C0E3B7F005F7AC6 /* ElementModel.swift in Sources */,
				1FA40B051C0F4A2200BFED73 /* CaseEntity.swift in Sources */,
				2599FC141C02887D00F392FC /* Boulder.swift in Sources */,
				252566231BF7E03E006D014D /* GameViewController.swift in Sources */,
				1F7167841C106DDC0007CFDC /* WaterSeal.swift in Sources */,
				1FCAE7B31C0E3A8D005F7AC6 /* BaseImageModel.swift in Sources */,
				1FCAE7BD1C0E3A8D005F7AC6 /* WorldModel.swift in Sources */,
				25B748C41C02272A004E9117 /* LevelManager.swift in Sources */,
				2525662F1BF7ECAE006D014D /* SpriteComponent.swift in Sources */,
				0F2904C91BF15838000F0F23 /* ViewController.swift in Sources */,
				250940D01C0B656E00EB687F /* GameConstant.swift in Sources */,
				2561F7DF1C0483CF00145397 /* PushableComponent.swift in Sources */,
				252566311BF7EF64006D014D /* Player.swift in Sources */,
				252A63E31C103AE70064926D /* InterfaceManager.swift in Sources */,
				25B748C11C02272A004E9117 /* ActionsManager.swift in Sources */,
				1F7167791C106CAE0007CFDC /* BoulderCracked.swift in Sources */,
				1FCAE7BA1C0E3A8D005F7AC6 /* MappableValidator.swift in Sources */,
				1F7167771C106B9C0007CFDC /* BurningTree.swift in Sources */,
				0F2904C71BF15838000F0F23 /* AppDelegate.swift in Sources */,
				2585FE3E1BFB57E5003EC30C /* MoveComponent.swift in Sources */,
				250940CE1C09FDCD00EB687F /* CameraManager.swift in Sources */,
				2561F7D91C04630900145397 /* GauntletComponent.swift in Sources */,
				1F71677E1C106DC60007CFDC /* Rope.swift in Sources */,
				25B748CC1C023630004E9117 /* GridComponent.swift in Sources */,
				1F7167821C106DD30007CFDC /* Axe.swift in Sources */,
				0F7BC61D1BF6894000DE3A5C /* LevelSelectorViewController.swift in Sources */,
				1FCAE7B91C0E3A8D005F7AC6 /* LevelModel.swift in Sources */,
				2599FC121C02824300F392FC /* ColliderComponent.swift in Sources */,
			);
			runOnlyForDeploymentPostprocessing = 0;
		};
		0F2904D31BF15838000F0F23 /* Sources */ = {
			isa = PBXSourcesBuildPhase;
			buildActionMask = 2147483647;
			files = (
				0F2904DC1BF15838000F0F23 /* TheGauntletTests.swift in Sources */,
			);
			runOnlyForDeploymentPostprocessing = 0;
		};
		0F2904DE1BF15838000F0F23 /* Sources */ = {
			isa = PBXSourcesBuildPhase;
			buildActionMask = 2147483647;
			files = (
				0F2904E71BF15838000F0F23 /* TheGauntletUITests.swift in Sources */,
			);
			runOnlyForDeploymentPostprocessing = 0;
		};
/* End PBXSourcesBuildPhase section */

/* Begin PBXTargetDependency section */
		0F2904D91BF15838000F0F23 /* PBXTargetDependency */ = {
			isa = PBXTargetDependency;
			target = 0F2904C21BF15838000F0F23 /* TheGauntlet */;
			targetProxy = 0F2904D81BF15838000F0F23 /* PBXContainerItemProxy */;
		};
		0F2904E41BF15838000F0F23 /* PBXTargetDependency */ = {
			isa = PBXTargetDependency;
			target = 0F2904C21BF15838000F0F23 /* TheGauntlet */;
			targetProxy = 0F2904E31BF15838000F0F23 /* PBXContainerItemProxy */;
		};
/* End PBXTargetDependency section */

/* Begin PBXVariantGroup section */
		0F2904CA1BF15838000F0F23 /* Main.storyboard */ = {
			isa = PBXVariantGroup;
			children = (
				0F2904CB1BF15838000F0F23 /* Base */,
			);
			name = Main.storyboard;
			sourceTree = "<group>";
		};
		0F2904CF1BF15838000F0F23 /* LaunchScreen.storyboard */ = {
			isa = PBXVariantGroup;
			children = (
				0F2904D01BF15838000F0F23 /* Base */,
			);
			name = LaunchScreen.storyboard;
			sourceTree = "<group>";
		};
/* End PBXVariantGroup section */

/* Begin XCBuildConfiguration section */
		0F2904E91BF15838000F0F23 /* Debug */ = {
			isa = XCBuildConfiguration;
			buildSettings = {
				ALWAYS_SEARCH_USER_PATHS = NO;
				CLANG_CXX_LANGUAGE_STANDARD = "gnu++0x";
				CLANG_CXX_LIBRARY = "libc++";
				CLANG_ENABLE_MODULES = YES;
				CLANG_ENABLE_OBJC_ARC = YES;
				CLANG_WARN_BOOL_CONVERSION = YES;
				CLANG_WARN_CONSTANT_CONVERSION = YES;
				CLANG_WARN_DIRECT_OBJC_ISA_USAGE = YES_ERROR;
				CLANG_WARN_EMPTY_BODY = YES;
				CLANG_WARN_ENUM_CONVERSION = YES;
				CLANG_WARN_INT_CONVERSION = YES;
				CLANG_WARN_OBJC_ROOT_CLASS = YES_ERROR;
				CLANG_WARN_UNREACHABLE_CODE = YES;
				CLANG_WARN__DUPLICATE_METHOD_MATCH = YES;
				"CODE_SIGN_IDENTITY[sdk=iphoneos*]" = "iPhone Developer";
				COPY_PHASE_STRIP = NO;
				DEBUG_INFORMATION_FORMAT = dwarf;
				ENABLE_STRICT_OBJC_MSGSEND = YES;
				ENABLE_TESTABILITY = YES;
				GCC_C_LANGUAGE_STANDARD = gnu99;
				GCC_DYNAMIC_NO_PIC = NO;
				GCC_NO_COMMON_BLOCKS = YES;
				GCC_OPTIMIZATION_LEVEL = 0;
				GCC_PREPROCESSOR_DEFINITIONS = (
					"DEBUG=1",
					"$(inherited)",
				);
				GCC_WARN_64_TO_32_BIT_CONVERSION = YES;
				GCC_WARN_ABOUT_RETURN_TYPE = YES_ERROR;
				GCC_WARN_UNDECLARED_SELECTOR = YES;
				GCC_WARN_UNINITIALIZED_AUTOS = YES_AGGRESSIVE;
				GCC_WARN_UNUSED_FUNCTION = YES;
				GCC_WARN_UNUSED_VARIABLE = YES;
				IPHONEOS_DEPLOYMENT_TARGET = 9.1;
				MTL_ENABLE_DEBUG_INFO = YES;
				ONLY_ACTIVE_ARCH = YES;
				SDKROOT = iphoneos;
				SWIFT_OPTIMIZATION_LEVEL = "-Onone";
				TARGETED_DEVICE_FAMILY = "1,2";
			};
			name = Debug;
		};
		0F2904EA1BF15838000F0F23 /* Release */ = {
			isa = XCBuildConfiguration;
			buildSettings = {
				ALWAYS_SEARCH_USER_PATHS = NO;
				CLANG_CXX_LANGUAGE_STANDARD = "gnu++0x";
				CLANG_CXX_LIBRARY = "libc++";
				CLANG_ENABLE_MODULES = YES;
				CLANG_ENABLE_OBJC_ARC = YES;
				CLANG_WARN_BOOL_CONVERSION = YES;
				CLANG_WARN_CONSTANT_CONVERSION = YES;
				CLANG_WARN_DIRECT_OBJC_ISA_USAGE = YES_ERROR;
				CLANG_WARN_EMPTY_BODY = YES;
				CLANG_WARN_ENUM_CONVERSION = YES;
				CLANG_WARN_INT_CONVERSION = YES;
				CLANG_WARN_OBJC_ROOT_CLASS = YES_ERROR;
				CLANG_WARN_UNREACHABLE_CODE = YES;
				CLANG_WARN__DUPLICATE_METHOD_MATCH = YES;
				"CODE_SIGN_IDENTITY[sdk=iphoneos*]" = "iPhone Developer";
				COPY_PHASE_STRIP = NO;
				DEBUG_INFORMATION_FORMAT = "dwarf-with-dsym";
				ENABLE_NS_ASSERTIONS = NO;
				ENABLE_STRICT_OBJC_MSGSEND = YES;
				GCC_C_LANGUAGE_STANDARD = gnu99;
				GCC_NO_COMMON_BLOCKS = YES;
				GCC_WARN_64_TO_32_BIT_CONVERSION = YES;
				GCC_WARN_ABOUT_RETURN_TYPE = YES_ERROR;
				GCC_WARN_UNDECLARED_SELECTOR = YES;
				GCC_WARN_UNINITIALIZED_AUTOS = YES_AGGRESSIVE;
				GCC_WARN_UNUSED_FUNCTION = YES;
				GCC_WARN_UNUSED_VARIABLE = YES;
				IPHONEOS_DEPLOYMENT_TARGET = 9.1;
				MTL_ENABLE_DEBUG_INFO = NO;
				SDKROOT = iphoneos;
				TARGETED_DEVICE_FAMILY = "1,2";
				VALIDATE_PRODUCT = YES;
			};
			name = Release;
		};
		0F2904EC1BF15838000F0F23 /* Debug */ = {
			isa = XCBuildConfiguration;
			baseConfigurationReference = 02F29D360B6068932B38A69B /* Pods-TheGauntlet.debug.xcconfig */;
			buildSettings = {
				ASSETCATALOG_COMPILER_APPICON_NAME = AppIcon;
				CODE_SIGN_IDENTITY = "iPhone Developer";
				"CODE_SIGN_IDENTITY[sdk=iphoneos*]" = "iPhone Developer";
				CURRENT_PROJECT_VERSION = 10;
				INFOPLIST_FILE = TheGauntlet/Info.plist;
				IPHONEOS_DEPLOYMENT_TARGET = 9.0;
				LD_RUNPATH_SEARCH_PATHS = "$(inherited) @executable_path/Frameworks";
				PRODUCT_BUNDLE_IDENTIFIER = fr.thegauntlet.TheGauntletrg;
				PRODUCT_NAME = "$(TARGET_NAME)";
				PROVISIONING_PROFILE = "";
				TARGETED_DEVICE_FAMILY = "1,2";
				VERSIONING_SYSTEM = "apple-generic";
			};
			name = Debug;
		};
		0F2904ED1BF15838000F0F23 /* Release */ = {
			isa = XCBuildConfiguration;
			baseConfigurationReference = 63EBAD06DDABE42B988298DE /* Pods-TheGauntlet.release.xcconfig */;
			buildSettings = {
				ASSETCATALOG_COMPILER_APPICON_NAME = AppIcon;
				CODE_SIGN_IDENTITY = "iPhone Developer";
				"CODE_SIGN_IDENTITY[sdk=iphoneos*]" = "iPhone Developer";
				CURRENT_PROJECT_VERSION = 10;
				INFOPLIST_FILE = TheGauntlet/Info.plist;
				IPHONEOS_DEPLOYMENT_TARGET = 9.0;
				LD_RUNPATH_SEARCH_PATHS = "$(inherited) @executable_path/Frameworks";
				PRODUCT_BUNDLE_IDENTIFIER = fr.thegauntlet.TheGauntletrg;
				PRODUCT_NAME = "$(TARGET_NAME)";
				PROVISIONING_PROFILE = "";
				TARGETED_DEVICE_FAMILY = "1,2";
				VERSIONING_SYSTEM = "apple-generic";
			};
			name = Release;
		};
		0F2904EF1BF15838000F0F23 /* Debug */ = {
			isa = XCBuildConfiguration;
			buildSettings = {
				BUNDLE_LOADER = "$(TEST_HOST)";
				INFOPLIST_FILE = TheGauntletTests/Info.plist;
				LD_RUNPATH_SEARCH_PATHS = "$(inherited) @executable_path/Frameworks @loader_path/Frameworks";
				PRODUCT_BUNDLE_IDENTIFIER = fr.thegauntlet.TheGauntletTests;
				PRODUCT_NAME = "$(TARGET_NAME)";
				TEST_HOST = "$(BUILT_PRODUCTS_DIR)/TheGauntlet.app/TheGauntlet";
			};
			name = Debug;
		};
		0F2904F01BF15838000F0F23 /* Release */ = {
			isa = XCBuildConfiguration;
			buildSettings = {
				BUNDLE_LOADER = "$(TEST_HOST)";
				INFOPLIST_FILE = TheGauntletTests/Info.plist;
				LD_RUNPATH_SEARCH_PATHS = "$(inherited) @executable_path/Frameworks @loader_path/Frameworks";
				PRODUCT_BUNDLE_IDENTIFIER = fr.thegauntlet.TheGauntletTests;
				PRODUCT_NAME = "$(TARGET_NAME)";
				TEST_HOST = "$(BUILT_PRODUCTS_DIR)/TheGauntlet.app/TheGauntlet";
			};
			name = Release;
		};
		0F2904F21BF15838000F0F23 /* Debug */ = {
			isa = XCBuildConfiguration;
			buildSettings = {
				INFOPLIST_FILE = TheGauntletUITests/Info.plist;
				LD_RUNPATH_SEARCH_PATHS = "$(inherited) @executable_path/Frameworks @loader_path/Frameworks";
				PRODUCT_BUNDLE_IDENTIFIER = fr.thegauntlet.TheGauntletUITests;
				PRODUCT_NAME = "$(TARGET_NAME)";
				TEST_TARGET_NAME = TheGauntlet;
				USES_XCTRUNNER = YES;
			};
			name = Debug;
		};
		0F2904F31BF15838000F0F23 /* Release */ = {
			isa = XCBuildConfiguration;
			buildSettings = {
				INFOPLIST_FILE = TheGauntletUITests/Info.plist;
				LD_RUNPATH_SEARCH_PATHS = "$(inherited) @executable_path/Frameworks @loader_path/Frameworks";
				PRODUCT_BUNDLE_IDENTIFIER = fr.thegauntlet.TheGauntletUITests;
				PRODUCT_NAME = "$(TARGET_NAME)";
				TEST_TARGET_NAME = TheGauntlet;
				USES_XCTRUNNER = YES;
			};
			name = Release;
		};
/* End XCBuildConfiguration section */

/* Begin XCConfigurationList section */
		0F2904BE1BF15838000F0F23 /* Build configuration list for PBXProject "TheGauntlet" */ = {
			isa = XCConfigurationList;
			buildConfigurations = (
				0F2904E91BF15838000F0F23 /* Debug */,
				0F2904EA1BF15838000F0F23 /* Release */,
			);
			defaultConfigurationIsVisible = 0;
			defaultConfigurationName = Release;
		};
		0F2904EB1BF15838000F0F23 /* Build configuration list for PBXNativeTarget "TheGauntlet" */ = {
			isa = XCConfigurationList;
			buildConfigurations = (
				0F2904EC1BF15838000F0F23 /* Debug */,
				0F2904ED1BF15838000F0F23 /* Release */,
			);
			defaultConfigurationIsVisible = 0;
			defaultConfigurationName = Release;
		};
		0F2904EE1BF15838000F0F23 /* Build configuration list for PBXNativeTarget "TheGauntletTests" */ = {
			isa = XCConfigurationList;
			buildConfigurations = (
				0F2904EF1BF15838000F0F23 /* Debug */,
				0F2904F01BF15838000F0F23 /* Release */,
			);
			defaultConfigurationIsVisible = 0;
			defaultConfigurationName = Release;
		};
		0F2904F11BF15838000F0F23 /* Build configuration list for PBXNativeTarget "TheGauntletUITests" */ = {
			isa = XCConfigurationList;
			buildConfigurations = (
				0F2904F21BF15838000F0F23 /* Debug */,
				0F2904F31BF15838000F0F23 /* Release */,
			);
			defaultConfigurationIsVisible = 0;
			defaultConfigurationName = Release;
		};
/* End XCConfigurationList section */
	};
	rootObject = 0F2904BB1BF15838000F0F23 /* Project object */;
}
